
Microsoft Visual Studio Solution File, Format Version 12.00
# Visual Studio Version 16
VisualStudioVersion = 16.0.32106.194
MinimumVisualStudioVersion = 10.0.40219.1
Project("{FAE04EC0-301F-11D3-BF4B-00C04F79EFBC}") = "ApiExample", "ApiExample\ApiExample.csproj", "{104760B0-3589-45CA-92D7-292124848973}"
EndProject
Global
	GlobalSection(SolutionConfigurationPlatforms) = preSolution
		Debug|Any CPU = Debug|Any CPU
		Release|Any CPU = Release|Any CPU
	EndGlobalSection
	GlobalSection(ProjectConfigurationPlatforms) = postSolution
		{104760B0-3589-45CA-92D7-292124848973}.Debug|Any CPU.ActiveCfg = Debug|Any CPU
		{104760B0-3589-45CA-92D7-292124848973}.Debug|Any CPU.Build.0 = Debug|Any CPU
		{104760B0-3589-45CA-92D7-292124848973}.Release|Any CPU.ActiveCfg = Release|Any CPU
		{104760B0-3589-45CA-92D7-292124848973}.Release|Any CPU.Build.0 = Release|Any CPU
	EndGlobalSection
	GlobalSection(SolutionProperties) = preSolution
		HideSolutionNode = FALSE
	EndGlobalSection
	GlobalSection(ExtensibilityGlobals) = postSolution
		SolutionGuid = {591670C9-DF84-4CDE-AA3A-A84A5AE3D2EB}
	EndGlobalSection
EndGlobal
